
Microsoft Visual Studio Solution File, Format Version 12.00
# Visual Studio 15
VisualStudioVersion = 15.0.27428.2011
MinimumVisualStudioVersion = 10.0.40219.1
Project("{9A19103F-16F7-4668-BE54-9A1E7A4F7556}") = "Dime.Expressions", "core\Dime.Expressions.csproj", "{07485998-8D9F-4D1E-B8C6-BF4A5F2DF56D}"
EndProject
Project("{2150E333-8FDC-42A3-9474-1A3956D46DE8}") = "Tests", "Tests", "{906E3127-79E0-467C-B9A5-5D0C9C72F61E}"
EndProject
Project("{9A19103F-16F7-4668-BE54-9A1E7A4F7556}") = "Dime.Expressions.Tests", "test\Dime.Expressions.Tests.csproj", "{30EA7462-35E3-4CE4-811B-E870087A46CE}"
EndProject
Global
	GlobalSection(SolutionConfigurationPlatforms) = preSolution
		Debug|Any CPU = Debug|Any CPU
		Release|Any CPU = Release|Any CPU
	EndGlobalSection
	GlobalSection(ProjectConfigurationPlatforms) = postSolution
		{07485998-8D9F-4D1E-B8C6-BF4A5F2DF56D}.Debug|Any CPU.ActiveCfg = Debug|Any CPU
		{07485998-8D9F-4D1E-B8C6-BF4A5F2DF56D}.Debug|Any CPU.Build.0 = Debug|Any CPU
		{07485998-8D9F-4D1E-B8C6-BF4A5F2DF56D}.Release|Any CPU.ActiveCfg = Release|Any CPU
		{07485998-8D9F-4D1E-B8C6-BF4A5F2DF56D}.Release|Any CPU.Build.0 = Release|Any CPU
		{30EA7462-35E3-4CE4-811B-E870087A46CE}.Debug|Any CPU.ActiveCfg = Debug|Any CPU
		{30EA7462-35E3-4CE4-811B-E870087A46CE}.Debug|Any CPU.Build.0 = Debug|Any CPU
		{30EA7462-35E3-4CE4-811B-E870087A46CE}.Release|Any CPU.ActiveCfg = Release|Any CPU
		{30EA7462-35E3-4CE4-811B-E870087A46CE}.Release|Any CPU.Build.0 = Release|Any CPU
	EndGlobalSection
	GlobalSection(SolutionProperties) = preSolution
		HideSolutionNode = FALSE
	EndGlobalSection
	GlobalSection(NestedProjects) = preSolution
		{30EA7462-35E3-4CE4-811B-E870087A46CE} = {906E3127-79E0-467C-B9A5-5D0C9C72F61E}
	EndGlobalSection
	GlobalSection(ExtensibilityGlobals) = postSolution
		SolutionGuid = {BB8CB068-E8C7-4637-8131-8CC6BDF14E80}
	EndGlobalSection
EndGlobal
